
Microsoft Visual Studio Solution File, Format Version 12.00
# Visual Studio 15
Project("{FAE04EC0-301F-11D3-BF4B-00C04F79EFBC}") = "Assembly-CSharp", "Assembly-CSharp.csproj", "{FE54628A-C79E-4F97-0B16-5DA33184B3BD}"
EndProject
Project("{FAE04EC0-301F-11D3-BF4B-00C04F79EFBC}") = "PhotonVoice.API", "PhotonVoice.API.csproj", "{BD1CE941-97B7-2B26-7812-2706F7DFA3CB}"
EndProject
Project("{FAE04EC0-301F-11D3-BF4B-00C04F79EFBC}") = "PhotonVoice", "PhotonVoice.csproj", "{6F897420-3AEA-B015-8AFC-147D6EE61224}"
EndProject
Project("{FAE04EC0-301F-11D3-BF4B-00C04F79EFBC}") = "PhotonUnityNetworking.Demos", "PhotonUnityNetworking.Demos.csproj", "{0CCDC7B1-ABFD-14B4-4048-3979B4B35987}"
EndProject
Project("{FAE04EC0-301F-11D3-BF4B-00C04F79EFBC}") = "PhotonRealtime", "PhotonRealtime.csproj", "{AB3B590C-D405-0458-CB94-EC8A66D5D90B}"
EndProject
Project("{FAE04EC0-301F-11D3-BF4B-00C04F79EFBC}") = "PhotonUnityNetworking", "PhotonUnityNetworking.csproj", "{D4CDF393-9461-9EB9-64B2-60FE6222BC06}"
EndProject
Project("{FAE04EC0-301F-11D3-BF4B-00C04F79EFBC}") = "PhotonUnityNetworking.Utilities", "PhotonUnityNetworking.Utilities.csproj", "{195D3820-E13C-5E57-AA46-58C3DCCCDFC4}"
EndProject
Project("{FAE04EC0-301F-11D3-BF4B-00C04F79EFBC}") = "PhotonChat", "PhotonChat.csproj", "{9FC03B97-D7F3-7EF5-95AC-1D8408395BD1}"
EndProject
Project("{FAE04EC0-301F-11D3-BF4B-00C04F79EFBC}") = "PhotonVoice.PUN", "PhotonVoice.PUN.csproj", "{498C3F6F-6D45-905F-F8A0-0DF534CBC1E0}"
EndProject
Project("{FAE04EC0-301F-11D3-BF4B-00C04F79EFBC}") = "PhotonUnityNetworking.Editor", "PhotonUnityNetworking.Editor.csproj", "{98ADEB7B-4274-0EA6-7E7B-039BA910D476}"
EndProject
Project("{FAE04EC0-301F-11D3-BF4B-00C04F79EFBC}") = "PhotonVoice.Editor", "PhotonVoice.Editor.csproj", "{27FE698E-AF52-F6CE-F8CB-58C5C164938E}"
EndProject
Project("{FAE04EC0-301F-11D3-BF4B-00C04F79EFBC}") = "PhotonUnityNetworking.Utilities.PhotonPlayer.Editor", "PhotonUnityNetworking.Utilities.PhotonPlayer.Editor.csproj", "{E67340C2-284B-9DB6-064F-EDE89BF7EBF9}"
EndProject
Project("{FAE04EC0-301F-11D3-BF4B-00C04F79EFBC}") = "PunDemos.DemoSlotcarEditor", "PunDemos.DemoSlotcarEditor.csproj", "{987E5C7D-114E-57E7-50B4-8E58048251FB}"
EndProject
Project("{FAE04EC0-301F-11D3-BF4B-00C04F79EFBC}") = "PhotonUnityNetworking.Utilities.Culling.Editor", "PhotonUnityNetworking.Utilities.Culling.Editor.csproj", "{BB60DF50-B1B8-ED2D-819F-339DC272A12E}"
EndProject
Project("{FAE04EC0-301F-11D3-BF4B-00C04F79EFBC}") = "PunDemos.DemoHubEditor", "PunDemos.DemoHubEditor.csproj", "{B6C081F5-61E7-B6F8-019A-F4FAB1AB7D92}"
EndProject
Project("{FAE04EC0-301F-11D3-BF4B-00C04F79EFBC}") = "PhotonVoice.Utilities.Editor", "PhotonVoice.Utilities.Editor.csproj", "{6189DECC-472C-ED9F-4B15-13E173813ADB}"
EndProject
Project("{FAE04EC0-301F-11D3-BF4B-00C04F79EFBC}") = "Assembly-CSharp-Editor", "Assembly-CSharp-Editor.csproj", "{8612DA4F-025B-512F-368F-9B38C704012D}"
EndProject
Project("{FAE04EC0-301F-11D3-BF4B-00C04F79EFBC}") = "PhotonVoice.PUN.Editor", "PhotonVoice.PUN.Editor.csproj", "{0163A1FC-72A5-99BC-A0E5-EE9B2E2DD76B}"
EndProject
Global
	GlobalSection(SolutionConfigurationPlatforms) = preSolution
		Debug|Any CPU = Debug|Any CPU
		Release|Any CPU = Release|Any CPU
	EndGlobalSection
	GlobalSection(ProjectConfigurationPlatforms) = postSolution
		{FE54628A-C79E-4F97-0B16-5DA33184B3BD}.Debug|Any CPU.ActiveCfg = Debug|Any CPU
		{FE54628A-C79E-4F97-0B16-5DA33184B3BD}.Debug|Any CPU.Build.0 = Debug|Any CPU
		{FE54628A-C79E-4F97-0B16-5DA33184B3BD}.Release|Any CPU.ActiveCfg = Release|Any CPU
		{FE54628A-C79E-4F97-0B16-5DA33184B3BD}.Release|Any CPU.Build.0 = Release|Any CPU
		{BD1CE941-97B7-2B26-7812-2706F7DFA3CB}.Debug|Any CPU.ActiveCfg = Debug|Any CPU
		{BD1CE941-97B7-2B26-7812-2706F7DFA3CB}.Debug|Any CPU.Build.0 = Debug|Any CPU
		{BD1CE941-97B7-2B26-7812-2706F7DFA3CB}.Release|Any CPU.ActiveCfg = Release|Any CPU
		{BD1CE941-97B7-2B26-7812-2706F7DFA3CB}.Release|Any CPU.Build.0 = Release|Any CPU
		{6F897420-3AEA-B015-8AFC-147D6EE61224}.Debug|Any CPU.ActiveCfg = Debug|Any CPU
		{6F897420-3AEA-B015-8AFC-147D6EE61224}.Debug|Any CPU.Build.0 = Debug|Any CPU
		{6F897420-3AEA-B015-8AFC-147D6EE61224}.Release|Any CPU.ActiveCfg = Release|Any CPU
		{6F897420-3AEA-B015-8AFC-147D6EE61224}.Release|Any CPU.Build.0 = Release|Any CPU
		{0CCDC7B1-ABFD-14B4-4048-3979B4B35987}.Debug|Any CPU.ActiveCfg = Debug|Any CPU
		{0CCDC7B1-ABFD-14B4-4048-3979B4B35987}.Debug|Any CPU.Build.0 = Debug|Any CPU
		{0CCDC7B1-ABFD-14B4-4048-3979B4B35987}.Release|Any CPU.ActiveCfg = Release|Any CPU
		{0CCDC7B1-ABFD-14B4-4048-3979B4B35987}.Release|Any CPU.Build.0 = Release|Any CPU
		{AB3B590C-D405-0458-CB94-EC8A66D5D90B}.Debug|Any CPU.ActiveCfg = Debug|Any CPU
		{AB3B590C-D405-0458-CB94-EC8A66D5D90B}.Debug|Any CPU.Build.0 = Debug|Any CPU
		{AB3B590C-D405-0458-CB94-EC8A66D5D90B}.Release|Any CPU.ActiveCfg = Release|Any CPU
		{AB3B590C-D405-0458-CB94-EC8A66D5D90B}.Release|Any CPU.Build.0 = Release|Any CPU
		{D4CDF393-9461-9EB9-64B2-60FE6222BC06}.Debug|Any CPU.ActiveCfg = Debug|Any CPU
		{D4CDF393-9461-9EB9-64B2-60FE6222BC06}.Debug|Any CPU.Build.0 = Debug|Any CPU
		{D4CDF393-9461-9EB9-64B2-60FE6222BC06}.Release|Any CPU.ActiveCfg = Release|Any CPU
		{D4CDF393-9461-9EB9-64B2-60FE6222BC06}.Release|Any CPU.Build.0 = Release|Any CPU
		{195D3820-E13C-5E57-AA46-58C3DCCCDFC4}.Debug|Any CPU.ActiveCfg = Debug|Any CPU
		{195D3820-E13C-5E57-AA46-58C3DCCCDFC4}.Debug|Any CPU.Build.0 = Debug|Any CPU
		{195D3820-E13C-5E57-AA46-58C3DCCCDFC4}.Release|Any CPU.ActiveCfg = Release|Any CPU
		{195D3820-E13C-5E57-AA46-58C3DCCCDFC4}.Release|Any CPU.Build.0 = Release|Any CPU
		{9FC03B97-D7F3-7EF5-95AC-1D8408395BD1}.Debug|Any CPU.ActiveCfg = Debug|Any CPU
		{9FC03B97-D7F3-7EF5-95AC-1D8408395BD1}.Debug|Any CPU.Build.0 = Debug|Any CPU
		{9FC03B97-D7F3-7EF5-95AC-1D8408395BD1}.Release|Any CPU.ActiveCfg = Release|Any CPU
		{9FC03B97-D7F3-7EF5-95AC-1D8408395BD1}.Release|Any CPU.Build.0 = Release|Any CPU
		{498C3F6F-6D45-905F-F8A0-0DF534CBC1E0}.Debug|Any CPU.ActiveCfg = Debug|Any CPU
		{498C3F6F-6D45-905F-F8A0-0DF534CBC1E0}.Debug|Any CPU.Build.0 = Debug|Any CPU
		{498C3F6F-6D45-905F-F8A0-0DF534CBC1E0}.Release|Any CPU.ActiveCfg = Release|Any CPU
		{498C3F6F-6D45-905F-F8A0-0DF534CBC1E0}.Release|Any CPU.Build.0 = Release|Any CPU
		{98ADEB7B-4274-0EA6-7E7B-039BA910D476}.Debug|Any CPU.ActiveCfg = Debug|Any CPU
		{98ADEB7B-4274-0EA6-7E7B-039BA910D476}.Debug|Any CPU.Build.0 = Debug|Any CPU
		{98ADEB7B-4274-0EA6-7E7B-039BA910D476}.Release|Any CPU.ActiveCfg = Release|Any CPU
		{98ADEB7B-4274-0EA6-7E7B-039BA910D476}.Release|Any CPU.Build.0 = Release|Any CPU
		{27FE698E-AF52-F6CE-F8CB-58C5C164938E}.Debug|Any CPU.ActiveCfg = Debug|Any CPU
		{27FE698E-AF52-F6CE-F8CB-58C5C164938E}.Debug|Any CPU.Build.0 = Debug|Any CPU
		{27FE698E-AF52-F6CE-F8CB-58C5C164938E}.Release|Any CPU.ActiveCfg = Release|Any CPU
		{27FE698E-AF52-F6CE-F8CB-58C5C164938E}.Release|Any CPU.Build.0 = Release|Any CPU
		{E67340C2-284B-9DB6-064F-EDE89BF7EBF9}.Debug|Any CPU.ActiveCfg = Debug|Any CPU
		{E67340C2-284B-9DB6-064F-EDE89BF7EBF9}.Debug|Any CPU.Build.0 = Debug|Any CPU
		{E67340C2-284B-9DB6-064F-EDE89BF7EBF9}.Release|Any CPU.ActiveCfg = Release|Any CPU
		{E67340C2-284B-9DB6-064F-EDE89BF7EBF9}.Release|Any CPU.Build.0 = Release|Any CPU
		{987E5C7D-114E-57E7-50B4-8E58048251FB}.Debug|Any CPU.ActiveCfg = Debug|Any CPU
		{987E5C7D-114E-57E7-50B4-8E58048251FB}.Debug|Any CPU.Build.0 = Debug|Any CPU
		{987E5C7D-114E-57E7-50B4-8E58048251FB}.Release|Any CPU.ActiveCfg = Release|Any CPU
		{987E5C7D-114E-57E7-50B4-8E58048251FB}.Release|Any CPU.Build.0 = Release|Any CPU
		{BB60DF50-B1B8-ED2D-819F-339DC272A12E}.Debug|Any CPU.ActiveCfg = Debug|Any CPU
		{BB60DF50-B1B8-ED2D-819F-339DC272A12E}.Debug|Any CPU.Build.0 = Debug|Any CPU
		{BB60DF50-B1B8-ED2D-819F-339DC272A12E}.Release|Any CPU.ActiveCfg = Release|Any CPU
		{BB60DF50-B1B8-ED2D-819F-339DC272A12E}.Release|Any CPU.Build.0 = Release|Any CPU
		{B6C081F5-61E7-B6F8-019A-F4FAB1AB7D92}.Debug|Any CPU.ActiveCfg = Debug|Any CPU
		{B6C081F5-61E7-B6F8-019A-F4FAB1AB7D92}.Debug|Any CPU.Build.0 = Debug|Any CPU
		{B6C081F5-61E7-B6F8-019A-F4FAB1AB7D92}.Release|Any CPU.ActiveCfg = Release|Any CPU
		{B6C081F5-61E7-B6F8-019A-F4FAB1AB7D92}.Release|Any CPU.Build.0 = Release|Any CPU
		{6189DECC-472C-ED9F-4B15-13E173813ADB}.Debug|Any CPU.ActiveCfg = Debug|Any CPU
		{6189DECC-472C-ED9F-4B15-13E173813ADB}.Debug|Any CPU.Build.0 = Debug|Any CPU
		{6189DECC-472C-ED9F-4B15-13E173813ADB}.Release|Any CPU.ActiveCfg = Release|Any CPU
		{6189DECC-472C-ED9F-4B15-13E173813ADB}.Release|Any CPU.Build.0 = Release|Any CPU
		{8612DA4F-025B-512F-368F-9B38C704012D}.Debug|Any CPU.ActiveCfg = Debug|Any CPU
		{8612DA4F-025B-512F-368F-9B38C704012D}.Debug|Any CPU.Build.0 = Debug|Any CPU
		{8612DA4F-025B-512F-368F-9B38C704012D}.Release|Any CPU.ActiveCfg = Release|Any CPU
		{8612DA4F-025B-512F-368F-9B38C704012D}.Release|Any CPU.Build.0 = Release|Any CPU
		{0163A1FC-72A5-99BC-A0E5-EE9B2E2DD76B}.Debug|Any CPU.ActiveCfg = Debug|Any CPU
		{0163A1FC-72A5-99BC-A0E5-EE9B2E2DD76B}.Debug|Any CPU.Build.0 = Debug|Any CPU
		{0163A1FC-72A5-99BC-A0E5-EE9B2E2DD76B}.Release|Any CPU.ActiveCfg = Release|Any CPU
		{0163A1FC-72A5-99BC-A0E5-EE9B2E2DD76B}.Release|Any CPU.Build.0 = Release|Any CPU
	EndGlobalSection
	GlobalSection(SolutionProperties) = preSolution
		HideSolutionNode = FALSE
	EndGlobalSection
EndGlobal
